
Microsoft Visual Studio Solution File, Format Version 12.00
# Visual Studio Version 17
VisualStudioVersion = 17.9.34902.65
MinimumVisualStudioVersion = 10.0.40219.1
Project("{FAE04EC0-301F-11D3-BF4B-00C04F79EFBC}") = "MineSweeperSlutprojekt", "MineSweeperSlutprojekt\MineSweeperSlutprojekt.csproj", "{074E6E82-2890-47DF-AE1C-3BED00569CF1}"
EndProject
Global
	GlobalSection(SolutionConfigurationPlatforms) = preSolution
		Debug|Any CPU = Debug|Any CPU
		Release|Any CPU = Release|Any CPU
	EndGlobalSection
	GlobalSection(ProjectConfigurationPlatforms) = postSolution
		{074E6E82-2890-47DF-AE1C-3BED00569CF1}.Debug|Any CPU.ActiveCfg = Debug|Any CPU
		{074E6E82-2890-47DF-AE1C-3BED00569CF1}.Debug|Any CPU.Build.0 = Debug|Any CPU
		{074E6E82-2890-47DF-AE1C-3BED00569CF1}.Release|Any CPU.ActiveCfg = Release|Any CPU
		{074E6E82-2890-47DF-AE1C-3BED00569CF1}.Release|Any CPU.Build.0 = Release|Any CPU
	EndGlobalSection
	GlobalSection(SolutionProperties) = preSolution
		HideSolutionNode = FALSE
	EndGlobalSection
	GlobalSection(ExtensibilityGlobals) = postSolution
		SolutionGuid = {89AC02A2-6A52-4852-9EE1-40AD37F4F8C6}
	EndGlobalSection
EndGlobal
